// !$*UTF8*$!
{
	archiveVersion = 1;
	classes = {
	};
	objectVersion = 77;
	objects = {

/* Begin PBXBuildFile section */
		166480932D157332005C783D /* OllamaKit in Frameworks */ = {isa = PBXBuildFile; productRef = 166480922D157332005C783D /* OllamaKit */; };
		166480952D15733B005C783D /* Defaults in Frameworks */ = {isa = PBXBuildFile; productRef = 166480942D15733B005C783D /* Defaults */; };
		166480982D157666005C783D /* ChatField in Frameworks */ = {isa = PBXBuildFile; productRef = 166480972D157666005C783D /* ChatField */; };
		1664809B2D1576C3005C783D /* ViewCondition in Frameworks */ = {isa = PBXBuildFile; productRef = 1664809A2D1576C3005C783D /* ViewCondition */; };
		166480B82D1579C5005C783D /* MarkdownUI in Frameworks */ = {isa = PBXBuildFile; productRef = 166480B72D1579C5005C783D /* MarkdownUI */; };
		166480C22D1585C8005C783D /* SwiftUIIntrospect in Frameworks */ = {isa = PBXBuildFile; productRef = 166480C12D1585C8005C783D /* SwiftUIIntrospect */; };
		166480E72D15885B005C783D /* ViewState in Frameworks */ = {isa = PBXBuildFile; productRef = 166480E62D15885B005C783D /* ViewState */; };
		166480F02D158BBF005C783D /* Highlightr in Frameworks */ = {isa = PBXBuildFile; productRef = 166480EF2D158BBF005C783D /* Highlightr */; };
		166480F52D1591C2005C783D /* Sparkle in Frameworks */ = {isa = PBXBuildFile; productRef = 166480F42D1591C2005C783D /* Sparkle */; };
		166593AE2D07FDFB005F9856 /* README.md in Resources */ = {isa = PBXBuildFile; fileRef = 166593AB2D07FDFB005F9856 /* README.md */; };
		166593B22D0801B7005F9856 /* FirebaseFirestore in Frameworks */ = {isa = PBXBuildFile; productRef = 166593B12D0801B7005F9856 /* FirebaseFirestore */; };
/* End PBXBuildFile section */

/* Begin PBXCopyFilesBuildPhase section */
		166A37312D127AE3001320D8 /* Embed ExtensionKit Extensions */ = {
			isa = PBXCopyFilesBuildPhase;
			buildActionMask = 2147483647;
			dstPath = "$(EXTENSIONS_FOLDER_PATH)";
			dstSubfolderSpec = 16;
			files = (
			);
			name = "Embed ExtensionKit Extensions";
			runOnlyForDeploymentPostprocessing = 0;
		};
		166A37492D1282FE001320D8 /* Embed Foundation Extensions */ = {
			isa = PBXCopyFilesBuildPhase;
			buildActionMask = 2147483647;
			dstPath = "";
			dstSubfolderSpec = 13;
			files = (
			);
			name = "Embed Foundation Extensions";
			runOnlyForDeploymentPostprocessing = 0;
		};
/* End PBXCopyFilesBuildPhase section */

/* Begin PBXFileReference section */
		1665937C2D07FC91005F9856 /* AIExapenseTracker.app */ = {isa = PBXFileReference; explicitFileType = wrapper.application; includeInIndex = 0; path = AIExapenseTracker.app; sourceTree = BUILT_PRODUCTS_DIR; };
		166593AB2D07FDFB005F9856 /* README.md */ = {isa = PBXFileReference; lastKnownFileType = net.daringfireball.markdown; path = README.md; sourceTree = "<group>"; };
/* End PBXFileReference section */

/* Begin PBXFileSystemSynchronizedBuildFileExceptionSet section */
		166593B52D08030E005F9856 /* Exceptions for "AIExapenseTracker" folder in "AIExapenseTracker" target */ = {
			isa = PBXFileSystemSynchronizedBuildFileExceptionSet;
			membershipExceptions = (
				Info.plist,
			);
			target = 1665937B2D07FC91005F9856 /* AIExapenseTracker */;
		};
/* End PBXFileSystemSynchronizedBuildFileExceptionSet section */

/* Begin PBXFileSystemSynchronizedRootGroup section */
		1665937E2D07FC91005F9856 /* AIExapenseTracker */ = {
			isa = PBXFileSystemSynchronizedRootGroup;
			exceptions = (
				166593B52D08030E005F9856 /* Exceptions for "AIExapenseTracker" folder in "AIExapenseTracker" target */,
			);
			path = AIExapenseTracker;
			sourceTree = "<group>";
		};
		1665938F2D07FC93005F9856 /* AIExapenseTrackerTests */ = {
			isa = PBXFileSystemSynchronizedRootGroup;
			path = AIExapenseTrackerTests;
			sourceTree = "<group>";
		};
		166593992D07FC93005F9856 /* AIExapenseTrackerUITests */ = {
			isa = PBXFileSystemSynchronizedRootGroup;
			path = AIExapenseTrackerUITests;
			sourceTree = "<group>";
		};
/* End PBXFileSystemSynchronizedRootGroup section */

/* Begin PBXFrameworksBuildPhase section */
		166593792D07FC91005F9856 /* Frameworks */ = {
			isa = PBXFrameworksBuildPhase;
			buildActionMask = 2147483647;
			files = (
				166480C22D1585C8005C783D /* SwiftUIIntrospect in Frameworks */,
				166480952D15733B005C783D /* Defaults in Frameworks */,
				166480982D157666005C783D /* ChatField in Frameworks */,
				1664809B2D1576C3005C783D /* ViewCondition in Frameworks */,
				166480B82D1579C5005C783D /* MarkdownUI in Frameworks */,
				166480F52D1591C2005C783D /* Sparkle in Frameworks */,
				166480E72D15885B005C783D /* ViewState in Frameworks */,
				166593B22D0801B7005F9856 /* FirebaseFirestore in Frameworks */,
				166480F02D158BBF005C783D /* Highlightr in Frameworks */,
				166480932D157332005C783D /* OllamaKit in Frameworks */,
			);
			runOnlyForDeploymentPostprocessing = 0;
		};
/* End PBXFrameworksBuildPhase section */

/* Begin PBXGroup section */
		166593732D07FC91005F9856 = {
			isa = PBXGroup;
			children = (
				166593AB2D07FDFB005F9856 /* README.md */,
				1665937E2D07FC91005F9856 /* AIExapenseTracker */,
				1665938F2D07FC93005F9856 /* AIExapenseTrackerTests */,
				166593992D07FC93005F9856 /* AIExapenseTrackerUITests */,
				166593B02D0801B7005F9856 /* Frameworks */,
				1665937D2D07FC91005F9856 /* Products */,
			);
			sourceTree = "<group>";
		};
		1665937D2D07FC91005F9856 /* Products */ = {
			isa = PBXGroup;
			children = (
				1665937C2D07FC91005F9856 /* AIExapenseTracker.app */,
			);
			name = Products;
			sourceTree = "<group>";
		};
		166593B02D0801B7005F9856 /* Frameworks */ = {
			isa = PBXGroup;
			children = (
			);
			name = Frameworks;
			sourceTree = "<group>";
		};
/* End PBXGroup section */

/* Begin PBXNativeTarget section */
		1665937B2D07FC91005F9856 /* AIExapenseTracker */ = {
			isa = PBXNativeTarget;
			buildConfigurationList = 166593A02D07FC93005F9856 /* Build configuration list for PBXNativeTarget "AIExapenseTracker" */;
			buildPhases = (
				166593782D07FC91005F9856 /* Sources */,
				166593792D07FC91005F9856 /* Frameworks */,
				1665937A2D07FC91005F9856 /* Resources */,
				166A37312D127AE3001320D8 /* Embed ExtensionKit Extensions */,
				166A37492D1282FE001320D8 /* Embed Foundation Extensions */,
			);
			buildRules = (
			);
			dependencies = (
			);
			fileSystemSynchronizedGroups = (
				1665937E2D07FC91005F9856 /* AIExapenseTracker */,
			);
			name = AIExapenseTracker;
			packageProductDependencies = (
				166593B12D0801B7005F9856 /* FirebaseFirestore */,
				166480922D157332005C783D /* OllamaKit */,
				166480942D15733B005C783D /* Defaults */,
				166480972D157666005C783D /* ChatField */,
				1664809A2D1576C3005C783D /* ViewCondition */,
				166480B72D1579C5005C783D /* MarkdownUI */,
				166480C12D1585C8005C783D /* SwiftUIIntrospect */,
				166480E62D15885B005C783D /* ViewState */,
				166480EF2D158BBF005C783D /* Highlightr */,
				166480F42D1591C2005C783D /* Sparkle */,
			);
			productName = AIExapenseTracker;
			productReference = 1665937C2D07FC91005F9856 /* AIExapenseTracker.app */;
			productType = "com.apple.product-type.application";
		};
/* End PBXNativeTarget section */

/* Begin PBXProject section */
		166593742D07FC91005F9856 /* Project object */ = {
			isa = PBXProject;
			attributes = {
				BuildIndependentTargetsInParallel = 1;
				LastSwiftUpdateCheck = 1610;
				LastUpgradeCheck = 1610;
				TargetAttributes = {
					1665937B2D07FC91005F9856 = {
						CreatedOnToolsVersion = 16.1;
					};
				};
			};
			buildConfigurationList = 166593772D07FC91005F9856 /* Build configuration list for PBXProject "AIExapenseTracker" */;
			developmentRegion = en;
			hasScannedForEncodings = 0;
			knownRegions = (
				en,
				Base,
			);
			mainGroup = 166593732D07FC91005F9856;
			minimizedProjectReferenceProxies = 1;
			packageReferences = (
				166593AF2D080172005F9856 /* XCRemoteSwiftPackageReference "firebase-ios-sdk" */,
				161111732D152CA400A3C9D7 /* XCRemoteSwiftPackageReference "OllamaKit" */,
				166480912D157320005C783D /* XCRemoteSwiftPackageReference "Defaults" */,
				166480962D157423005C783D /* XCRemoteSwiftPackageReference "ChatField" */,
				166480992D1576B5005C783D /* XCRemoteSwiftPackageReference "ViewCondition" */,
				166480B62D1579B5005C783D /* XCRemoteSwiftPackageReference "swift-markdown-ui" */,
				166480C02D15859F005C783D /* XCRemoteSwiftPackageReference "swiftui-introspect" */,
				166480E52D158851005C783D /* XCRemoteSwiftPackageReference "ViewState" */,
				166480EE2D158BBF005C783D /* XCRemoteSwiftPackageReference "Highlightr" */,
				166480F32D1591C2005C783D /* XCRemoteSwiftPackageReference "Sparkle" */,
			);
			preferredProjectObjectVersion = 77;
			productRefGroup = 1665937D2D07FC91005F9856 /* Products */;
			projectDirPath = "";
			projectRoot = "";
			targets = (
				1665937B2D07FC91005F9856 /* AIExapenseTracker */,
			);
		};
/* End PBXProject section */

/* Begin PBXResourcesBuildPhase section */
		1665937A2D07FC91005F9856 /* Resources */ = {
			isa = PBXResourcesBuildPhase;
			buildActionMask = 2147483647;
			files = (
				166593AE2D07FDFB005F9856 /* README.md in Resources */,
			);
			runOnlyForDeploymentPostprocessing = 0;
		};
/* End PBXResourcesBuildPhase section */

/* Begin PBXSourcesBuildPhase section */
		166593782D07FC91005F9856 /* Sources */ = {
			isa = PBXSourcesBuildPhase;
			buildActionMask = 2147483647;
			files = (
			);
			runOnlyForDeploymentPostprocessing = 0;
		};
/* End PBXSourcesBuildPhase section */

/* Begin XCBuildConfiguration section */
		1665939E2D07FC93005F9856 /* Debug */ = {
			isa = XCBuildConfiguration;
			buildSettings = {
				ALWAYS_SEARCH_USER_PATHS = NO;
				ASSETCATALOG_COMPILER_GENERATE_SWIFT_ASSET_SYMBOL_EXTENSIONS = YES;
				CLANG_ANALYZER_NONNULL = YES;
				CLANG_ANALYZER_NUMBER_OBJECT_CONVERSION = YES_AGGRESSIVE;
				CLANG_CXX_LANGUAGE_STANDARD = "gnu++20";
				CLANG_ENABLE_MODULES = YES;
				CLANG_ENABLE_OBJC_ARC = YES;
				CLANG_ENABLE_OBJC_WEAK = YES;
				CLANG_WARN_BLOCK_CAPTURE_AUTORELEASING = YES;
				CLANG_WARN_BOOL_CONVERSION = YES;
				CLANG_WARN_COMMA = YES;
				CLANG_WARN_CONSTANT_CONVERSION = YES;
				CLANG_WARN_DEPRECATED_OBJC_IMPLEMENTATIONS = YES;
				CLANG_WARN_DIRECT_OBJC_ISA_USAGE = YES_ERROR;
				CLANG_WARN_DOCUMENTATION_COMMENTS = YES;
				CLANG_WARN_EMPTY_BODY = YES;
				CLANG_WARN_ENUM_CONVERSION = YES;
				CLANG_WARN_INFINITE_RECURSION = YES;
				CLANG_WARN_INT_CONVERSION = YES;
				CLANG_WARN_NON_LITERAL_NULL_CONVERSION = YES;
				CLANG_WARN_OBJC_IMPLICIT_RETAIN_SELF = YES;
				CLANG_WARN_OBJC_LITERAL_CONVERSION = YES;
				CLANG_WARN_OBJC_ROOT_CLASS = YES_ERROR;
				CLANG_WARN_QUOTED_INCLUDE_IN_FRAMEWORK_HEADER = YES;
				CLANG_WARN_RANGE_LOOP_ANALYSIS = YES;
				CLANG_WARN_STRICT_PROTOTYPES = YES;
				CLANG_WARN_SUSPICIOUS_MOVE = YES;
				CLANG_WARN_UNGUARDED_AVAILABILITY = YES_AGGRESSIVE;
				CLANG_WARN_UNREACHABLE_CODE = YES;
				CLANG_WARN__DUPLICATE_METHOD_MATCH = YES;
				COPY_PHASE_STRIP = NO;
				DEBUG_INFORMATION_FORMAT = dwarf;
				ENABLE_STRICT_OBJC_MSGSEND = YES;
				ENABLE_TESTABILITY = YES;
				ENABLE_USER_SCRIPT_SANDBOXING = YES;
				GCC_C_LANGUAGE_STANDARD = gnu17;
				GCC_DYNAMIC_NO_PIC = NO;
				GCC_NO_COMMON_BLOCKS = YES;
				GCC_OPTIMIZATION_LEVEL = 0;
				GCC_PREPROCESSOR_DEFINITIONS = (
					"DEBUG=1",
					"$(inherited)",
				);
				GCC_WARN_64_TO_32_BIT_CONVERSION = YES;
				GCC_WARN_ABOUT_RETURN_TYPE = YES_ERROR;
				GCC_WARN_UNDECLARED_SELECTOR = YES;
				GCC_WARN_UNINITIALIZED_AUTOS = YES_AGGRESSIVE;
				GCC_WARN_UNUSED_FUNCTION = YES;
				GCC_WARN_UNUSED_VARIABLE = YES;
				IPHONEOS_DEPLOYMENT_TARGET = 18.1;
				LOCALIZATION_PREFERS_STRING_CATALOGS = YES;
				MTL_ENABLE_DEBUG_INFO = INCLUDE_SOURCE;
				MTL_FAST_MATH = YES;
				ONLY_ACTIVE_ARCH = YES;
				SDKROOT = iphoneos;
				SWIFT_ACTIVE_COMPILATION_CONDITIONS = "DEBUG $(inherited)";
				SWIFT_OPTIMIZATION_LEVEL = "-Onone";
			};
			name = Debug;
		};
		1665939F2D07FC93005F9856 /* Release */ = {
			isa = XCBuildConfiguration;
			buildSettings = {
				ALWAYS_SEARCH_USER_PATHS = NO;
				ASSETCATALOG_COMPILER_GENERATE_SWIFT_ASSET_SYMBOL_EXTENSIONS = YES;
				CLANG_ANALYZER_NONNULL = YES;
				CLANG_ANALYZER_NUMBER_OBJECT_CONVERSION = YES_AGGRESSIVE;
				CLANG_CXX_LANGUAGE_STANDARD = "gnu++20";
				CLANG_ENABLE_MODULES = YES;
				CLANG_ENABLE_OBJC_ARC = YES;
				CLANG_ENABLE_OBJC_WEAK = YES;
				CLANG_WARN_BLOCK_CAPTURE_AUTORELEASING = YES;
				CLANG_WARN_BOOL_CONVERSION = YES;
				CLANG_WARN_COMMA = YES;
				CLANG_WARN_CONSTANT_CONVERSION = YES;
				CLANG_WARN_DEPRECATED_OBJC_IMPLEMENTATIONS = YES;
				CLANG_WARN_DIRECT_OBJC_ISA_USAGE = YES_ERROR;
				CLANG_WARN_DOCUMENTATION_COMMENTS = YES;
				CLANG_WARN_EMPTY_BODY = YES;
				CLANG_WARN_ENUM_CONVERSION = YES;
				CLANG_WARN_INFINITE_RECURSION = YES;
				CLANG_WARN_INT_CONVERSION = YES;
				CLANG_WARN_NON_LITERAL_NULL_CONVERSION = YES;
				CLANG_WARN_OBJC_IMPLICIT_RETAIN_SELF = YES;
				CLANG_WARN_OBJC_LITERAL_CONVERSION = YES;
				CLANG_WARN_OBJC_ROOT_CLASS = YES_ERROR;
				CLANG_WARN_QUOTED_INCLUDE_IN_FRAMEWORK_HEADER = YES;
				CLANG_WARN_RANGE_LOOP_ANALYSIS = YES;
				CLANG_WARN_STRICT_PROTOTYPES = YES;
				CLANG_WARN_SUSPICIOUS_MOVE = YES;
				CLANG_WARN_UNGUARDED_AVAILABILITY = YES_AGGRESSIVE;
				CLANG_WARN_UNREACHABLE_CODE = YES;
				CLANG_WARN__DUPLICATE_METHOD_MATCH = YES;
				COPY_PHASE_STRIP = NO;
				DEBUG_INFORMATION_FORMAT = "dwarf-with-dsym";
				ENABLE_NS_ASSERTIONS = NO;
				ENABLE_STRICT_OBJC_MSGSEND = YES;
				ENABLE_USER_SCRIPT_SANDBOXING = YES;
				GCC_C_LANGUAGE_STANDARD = gnu17;
				GCC_NO_COMMON_BLOCKS = YES;
				GCC_WARN_64_TO_32_BIT_CONVERSION = YES;
				GCC_WARN_ABOUT_RETURN_TYPE = YES_ERROR;
				GCC_WARN_UNDECLARED_SELECTOR = YES;
				GCC_WARN_UNINITIALIZED_AUTOS = YES_AGGRESSIVE;
				GCC_WARN_UNUSED_FUNCTION = YES;
				GCC_WARN_UNUSED_VARIABLE = YES;
				IPHONEOS_DEPLOYMENT_TARGET = 18.1;
				LOCALIZATION_PREFERS_STRING_CATALOGS = YES;
				MTL_ENABLE_DEBUG_INFO = NO;
				MTL_FAST_MATH = YES;
				SDKROOT = iphoneos;
				SWIFT_COMPILATION_MODE = wholemodule;
				VALIDATE_PRODUCT = YES;
			};
			name = Release;
		};
		166593A12D07FC93005F9856 /* Debug */ = {
			isa = XCBuildConfiguration;
			buildSettings = {
				ASSETCATALOG_COMPILER_APPICON_NAME = AppIcon;
				ASSETCATALOG_COMPILER_GLOBAL_ACCENT_COLOR_NAME = AccentColor;
				CODE_SIGN_ENTITLEMENTS = AIExapenseTracker/AIExapenseTracker.entitlements;
				CODE_SIGN_STYLE = Automatic;
				CURRENT_PROJECT_VERSION = 1;
				DEVELOPMENT_ASSET_PATHS = "\"AIExapenseTracker/Preview Content\"";
				DEVELOPMENT_TEAM = 8J7X8FNBGH;
				ENABLE_PREVIEWS = YES;
				GENERATE_INFOPLIST_FILE = YES;
				INFOPLIST_FILE = AIExapenseTracker/Info.plist;
				INFOPLIST_KEY_UIApplicationSceneManifest_Generation = YES;
				INFOPLIST_KEY_UIApplicationSupportsIndirectInputEvents = YES;
				INFOPLIST_KEY_UILaunchScreen_Generation = YES;
				INFOPLIST_KEY_UISupportedInterfaceOrientations_iPad = "UIInterfaceOrientationPortrait UIInterfaceOrientationPortraitUpsideDown UIInterfaceOrientationLandscapeLeft UIInterfaceOrientationLandscapeRight";
				INFOPLIST_KEY_UISupportedInterfaceOrientations_iPhone = "UIInterfaceOrientationPortrait UIInterfaceOrientationLandscapeLeft UIInterfaceOrientationLandscapeRight";
				IPHONEOS_DEPLOYMENT_TARGET = 18.1;
				LD_RUNPATH_SEARCH_PATHS = (
					"$(inherited)",
					"@executable_path/Frameworks",
				);
				MARKETING_VERSION = 1.0;
				PRODUCT_BUNDLE_IDENTIFIER = simpledemo.co.AIExapenseTracker;
				PRODUCT_NAME = "$(TARGET_NAME)";
				REGISTER_APP_GROUPS = NO;
				SUPPORTED_PLATFORMS = "iphoneos iphonesimulator macosx xros xrsimulator";
				SUPPORTS_MACCATALYST = NO;
				SUPPORTS_MAC_DESIGNED_FOR_IPHONE_IPAD = NO;
				SUPPORTS_XR_DESIGNED_FOR_IPHONE_IPAD = NO;
				SWIFT_EMIT_LOC_STRINGS = YES;
				"SWIFT_OPTIMIZATION_LEVEL[sdk=macosx*]" = "-Onone";
				SWIFT_VERSION = 5.0;
				TARGETED_DEVICE_FAMILY = "1,2,7";
			};
			name = Debug;
		};
		166593A22D07FC93005F9856 /* Release */ = {
			isa = XCBuildConfiguration;
			buildSettings = {
				ASSETCATALOG_COMPILER_APPICON_NAME = AppIcon;
				ASSETCATALOG_COMPILER_GLOBAL_ACCENT_COLOR_NAME = AccentColor;
				CODE_SIGN_ENTITLEMENTS = AIExapenseTracker/AIExapenseTracker.entitlements;
				CODE_SIGN_STYLE = Automatic;
				CURRENT_PROJECT_VERSION = 1;
				DEVELOPMENT_ASSET_PATHS = "\"AIExapenseTracker/Preview Content\"";
				DEVELOPMENT_TEAM = 8J7X8FNBGH;
				ENABLE_PREVIEWS = YES;
				GENERATE_INFOPLIST_FILE = YES;
				INFOPLIST_FILE = AIExapenseTracker/Info.plist;
				INFOPLIST_KEY_UIApplicationSceneManifest_Generation = YES;
				INFOPLIST_KEY_UIApplicationSupportsIndirectInputEvents = YES;
				INFOPLIST_KEY_UILaunchScreen_Generation = YES;
				INFOPLIST_KEY_UISupportedInterfaceOrientations_iPad = "UIInterfaceOrientationPortrait UIInterfaceOrientationPortraitUpsideDown UIInterfaceOrientationLandscapeLeft UIInterfaceOrientationLandscapeRight";
				INFOPLIST_KEY_UISupportedInterfaceOrientations_iPhone = "UIInterfaceOrientationPortrait UIInterfaceOrientationLandscapeLeft UIInterfaceOrientationLandscapeRight";
				IPHONEOS_DEPLOYMENT_TARGET = 18.1;
				LD_RUNPATH_SEARCH_PATHS = (
					"$(inherited)",
					"@executable_path/Frameworks",
				);
				MARKETING_VERSION = 1.0;
				PRODUCT_BUNDLE_IDENTIFIER = simpledemo.co.AIExapenseTracker;
				PRODUCT_NAME = "$(TARGET_NAME)";
				REGISTER_APP_GROUPS = NO;
				SUPPORTED_PLATFORMS = "iphoneos iphonesimulator macosx xros xrsimulator";
				SUPPORTS_MACCATALYST = NO;
				SUPPORTS_MAC_DESIGNED_FOR_IPHONE_IPAD = NO;
				SUPPORTS_XR_DESIGNED_FOR_IPHONE_IPAD = NO;
				SWIFT_EMIT_LOC_STRINGS = YES;
				SWIFT_VERSION = 5.0;
				TARGETED_DEVICE_FAMILY = "1,2,7";
			};
			name = Release;
		};
/* End XCBuildConfiguration section */

/* Begin XCConfigurationList section */
		166593772D07FC91005F9856 /* Build configuration list for PBXProject "AIExapenseTracker" */ = {
			isa = XCConfigurationList;
			buildConfigurations = (
				1665939E2D07FC93005F9856 /* Debug */,
				1665939F2D07FC93005F9856 /* Release */,
			);
			defaultConfigurationIsVisible = 0;
			defaultConfigurationName = Release;
		};
		166593A02D07FC93005F9856 /* Build configuration list for PBXNativeTarget "AIExapenseTracker" */ = {
			isa = XCConfigurationList;
			buildConfigurations = (
				166593A12D07FC93005F9856 /* Debug */,
				166593A22D07FC93005F9856 /* Release */,
			);
			defaultConfigurationIsVisible = 0;
			defaultConfigurationName = Release;
		};
/* End XCConfigurationList section */

/* Begin XCRemoteSwiftPackageReference section */
		161111732D152CA400A3C9D7 /* XCRemoteSwiftPackageReference "OllamaKit" */ = {
			isa = XCRemoteSwiftPackageReference;
			repositoryURL = "https://github.com/kevinhermawan/OllamaKit";
			requirement = {
				kind = upToNextMajorVersion;
				minimumVersion = 5.0.6;
			};
		};
		166480912D157320005C783D /* XCRemoteSwiftPackageReference "Defaults" */ = {
			isa = XCRemoteSwiftPackageReference;
			repositoryURL = "https://github.com/sindresorhus/Defaults.git";
			requirement = {
				kind = upToNextMajorVersion;
				minimumVersion = 9.0.0;
			};
		};
		166480962D157423005C783D /* XCRemoteSwiftPackageReference "ChatField" */ = {
			isa = XCRemoteSwiftPackageReference;
			repositoryURL = "https://github.com/kevinhermawan/ChatField.git";
			requirement = {
				kind = upToNextMajorVersion;
				minimumVersion = 3.0.4;
			};
		};
		166480992D1576B5005C783D /* XCRemoteSwiftPackageReference "ViewCondition" */ = {
			isa = XCRemoteSwiftPackageReference;
			repositoryURL = "https://github.com/kevinhermawan/ViewCondition.git";
			requirement = {
				kind = upToNextMajorVersion;
				minimumVersion = 2.0.1;
			};
		};
		166480B62D1579B5005C783D /* XCRemoteSwiftPackageReference "swift-markdown-ui" */ = {
			isa = XCRemoteSwiftPackageReference;
			repositoryURL = "https://github.com/gonzalezreal/swift-markdown-ui.git";
			requirement = {
				kind = upToNextMajorVersion;
				minimumVersion = 2.4.1;
			};
		};
		166480C02D15859F005C783D /* XCRemoteSwiftPackageReference "swiftui-introspect" */ = {
			isa = XCRemoteSwiftPackageReference;
			repositoryURL = "https://github.com/siteline/swiftui-introspect";
			requirement = {
				kind = upToNextMajorVersion;
				minimumVersion = 1.3.0;
			};
		};
		166480E52D158851005C783D /* XCRemoteSwiftPackageReference "ViewState" */ = {
			isa = XCRemoteSwiftPackageReference;
			repositoryURL = "https://github.com/kevinhermawan/ViewState.git";
			requirement = {
				kind = upToNextMajorVersion;
				minimumVersion = 1.2.2;
			};
		};
		166480EE2D158BBF005C783D /* XCRemoteSwiftPackageReference "Highlightr" */ = {
			isa = XCRemoteSwiftPackageReference;
			repositoryURL = "https://github.com/raspu/Highlightr.git";
			requirement = {
				kind = upToNextMajorVersion;
				minimumVersion = 2.2.1;
			};
		};
		166480F32D1591C2005C783D /* XCRemoteSwiftPackageReference "Sparkle" */ = {
			isa = XCRemoteSwiftPackageReference;
			repositoryURL = "https://github.com/sparkle-project/Sparkle";
			requirement = {
				kind = upToNextMajorVersion;
				minimumVersion = 2.6.4;
			};
		};
		166593AF2D080172005F9856 /* XCRemoteSwiftPackageReference "firebase-ios-sdk" */ = {
			isa = XCRemoteSwiftPackageReference;
			repositoryURL = "https://github.com/firebase/firebase-ios-sdk";
			requirement = {
				kind = upToNextMajorVersion;
				minimumVersion = 11.6.0;
			};
		};
/* End XCRemoteSwiftPackageReference section */

/* Begin XCSwiftPackageProductDependency section */
		166480922D157332005C783D /* OllamaKit */ = {
			isa = XCSwiftPackageProductDependency;
			package = 161111732D152CA400A3C9D7 /* XCRemoteSwiftPackageReference "OllamaKit" */;
			productName = OllamaKit;
		};
		166480942D15733B005C783D /* Defaults */ = {
			isa = XCSwiftPackageProductDependency;
			package = 166480912D157320005C783D /* XCRemoteSwiftPackageReference "Defaults" */;
			productName = Defaults;
		};
		166480972D157666005C783D /* ChatField */ = {
			isa = XCSwiftPackageProductDependency;
			package = 166480962D157423005C783D /* XCRemoteSwiftPackageReference "ChatField" */;
			productName = ChatField;
		};
		1664809A2D1576C3005C783D /* ViewCondition */ = {
			isa = XCSwiftPackageProductDependency;
			package = 166480992D1576B5005C783D /* XCRemoteSwiftPackageReference "ViewCondition" */;
			productName = ViewCondition;
		};
		166480B72D1579C5005C783D /* MarkdownUI */ = {
			isa = XCSwiftPackageProductDependency;
			package = 166480B62D1579B5005C783D /* XCRemoteSwiftPackageReference "swift-markdown-ui" */;
			productName = MarkdownUI;
		};
		166480C12D1585C8005C783D /* SwiftUIIntrospect */ = {
			isa = XCSwiftPackageProductDependency;
			package = 166480C02D15859F005C783D /* XCRemoteSwiftPackageReference "swiftui-introspect" */;
			productName = SwiftUIIntrospect;
		};
		166480E62D15885B005C783D /* ViewState */ = {
			isa = XCSwiftPackageProductDependency;
			package = 166480E52D158851005C783D /* XCRemoteSwiftPackageReference "ViewState" */;
			productName = ViewState;
		};
		166480EF2D158BBF005C783D /* Highlightr */ = {
			isa = XCSwiftPackageProductDependency;
			package = 166480EE2D158BBF005C783D /* XCRemoteSwiftPackageReference "Highlightr" */;
			productName = Highlightr;
		};
		166480F42D1591C2005C783D /* Sparkle */ = {
			isa = XCSwiftPackageProductDependency;
			package = 166480F32D1591C2005C783D /* XCRemoteSwiftPackageReference "Sparkle" */;
			productName = Sparkle;
		};
		166593B12D0801B7005F9856 /* FirebaseFirestore */ = {
			isa = XCSwiftPackageProductDependency;
			package = 166593AF2D080172005F9856 /* XCRemoteSwiftPackageReference "firebase-ios-sdk" */;
			productName = FirebaseFirestore;
		};
/* End XCSwiftPackageProductDependency section */
	};
	rootObject = 166593742D07FC91005F9856 /* Project object */;
}
